
Microsoft Visual Studio Solution File, Format Version 12.00
# Visual Studio Version 17
VisualStudioVersion = 17.0.31912.275
MinimumVisualStudioVersion = 10.0.40219.1
Project("{9A19103F-16F7-4668-BE54-9A1E7A4F7556}") = "Solvers.App", "Solvers.App\Solvers.App.csproj", "{E719867C-1EBB-4167-BDBA-53D13D189828}"
EndProject
Project("{9A19103F-16F7-4668-BE54-9A1E7A4F7556}") = "Solvers.Test", "Solvers.Test\Solvers.Test.csproj", "{878075AF-6DFF-424D-8453-3AC6AC107127}"
EndProject
Project("{2150E333-8FDC-42A3-9474-1A3956D46DE8}") = "Solution Items", "Solution Items", "{66E63E98-F2A4-4FA2-82EA-7C2476CE46EF}"
EndProject
Global
	GlobalSection(SolutionConfigurationPlatforms) = preSolution
		Debug|Any CPU = Debug|Any CPU
		Release|Any CPU = Release|Any CPU
	EndGlobalSection
	GlobalSection(ProjectConfigurationPlatforms) = postSolution
		{E719867C-1EBB-4167-BDBA-53D13D189828}.Debug|Any CPU.ActiveCfg = Debug|Any CPU
		{E719867C-1EBB-4167-BDBA-53D13D189828}.Debug|Any CPU.Build.0 = Debug|Any CPU
		{E719867C-1EBB-4167-BDBA-53D13D189828}.Release|Any CPU.ActiveCfg = Release|Any CPU
		{E719867C-1EBB-4167-BDBA-53D13D189828}.Release|Any CPU.Build.0 = Release|Any CPU
		{878075AF-6DFF-424D-8453-3AC6AC107127}.Debug|Any CPU.ActiveCfg = Debug|Any CPU
		{878075AF-6DFF-424D-8453-3AC6AC107127}.Debug|Any CPU.Build.0 = Debug|Any CPU
		{878075AF-6DFF-424D-8453-3AC6AC107127}.Release|Any CPU.ActiveCfg = Release|Any CPU
		{878075AF-6DFF-424D-8453-3AC6AC107127}.Release|Any CPU.Build.0 = Release|Any CPU
	EndGlobalSection
	GlobalSection(SolutionProperties) = preSolution
		HideSolutionNode = FALSE
	EndGlobalSection
	GlobalSection(ExtensibilityGlobals) = postSolution
		SolutionGuid = {548FCD5A-EF02-4BA0-83C7-49950D3A06AE}
	EndGlobalSection
EndGlobal
